
Microsoft Visual Studio Solution File, Format Version 12.00
# Visual Studio Version 16
VisualStudioVersion = 16.0.33130.400
MinimumVisualStudioVersion = 10.0.40219.1
Project("{FAE04EC0-301F-11D3-BF4B-00C04F79EFBC}") = "ASPDotCore_API", "ASPDotCore_API\ASPDotCore_API.csproj", "{2298004A-6878-44C5-8A4C-83622F1FEBB5}"
EndProject
Global
	GlobalSection(SolutionConfigurationPlatforms) = preSolution
		Debug|Any CPU = Debug|Any CPU
		Release|Any CPU = Release|Any CPU
	EndGlobalSection
	GlobalSection(ProjectConfigurationPlatforms) = postSolution
		{2298004A-6878-44C5-8A4C-83622F1FEBB5}.Debug|Any CPU.ActiveCfg = Debug|Any CPU
		{2298004A-6878-44C5-8A4C-83622F1FEBB5}.Debug|Any CPU.Build.0 = Debug|Any CPU
		{2298004A-6878-44C5-8A4C-83622F1FEBB5}.Release|Any CPU.ActiveCfg = Release|Any CPU
		{2298004A-6878-44C5-8A4C-83622F1FEBB5}.Release|Any CPU.Build.0 = Release|Any CPU
	EndGlobalSection
	GlobalSection(SolutionProperties) = preSolution
		HideSolutionNode = FALSE
	EndGlobalSection
	GlobalSection(ExtensibilityGlobals) = postSolution
		SolutionGuid = {F54E16BF-D764-4FEB-86C3-9ABE81F2CC55}
	EndGlobalSection
EndGlobal
